
Microsoft Visual Studio Solution File, Format Version 12.00
# Visual Studio 15
VisualStudioVersion = 15.0.26730.16
MinimumVisualStudioVersion = 10.0.40219.1
Project("{FAE04EC0-301F-11D3-BF4B-00C04F79EFBC}") = "SerialPort _DatabaseToArduino-Forms", "SerialPort _DatabaseToArduino-Forms\SerialPort _DatabaseToArduino-Forms.csproj", "{A53092A9-613B-48B8-A6BB-C21B25776420}"
EndProject
Project("{FAE04EC0-301F-11D3-BF4B-00C04F79EFBC}") = "Door_Lock", "Door_Lock\Door_Lock.csproj", "{49AE194F-23D1-4F39-BC8D-5DEAFB8C7AD2}"
EndProject
Global
	GlobalSection(SolutionConfigurationPlatforms) = preSolution
		Debug|Any CPU = Debug|Any CPU
		Debug|x86 = Debug|x86
		Release|Any CPU = Release|Any CPU
		Release|x86 = Release|x86
	EndGlobalSection
	GlobalSection(ProjectConfigurationPlatforms) = postSolution
		{A53092A9-613B-48B8-A6BB-C21B25776420}.Debug|Any CPU.ActiveCfg = Debug|Any CPU
		{A53092A9-613B-48B8-A6BB-C21B25776420}.Debug|Any CPU.Build.0 = Debug|Any CPU
		{A53092A9-613B-48B8-A6BB-C21B25776420}.Debug|x86.ActiveCfg = Debug|Any CPU
		{A53092A9-613B-48B8-A6BB-C21B25776420}.Debug|x86.Build.0 = Debug|Any CPU
		{A53092A9-613B-48B8-A6BB-C21B25776420}.Release|Any CPU.ActiveCfg = Release|Any CPU
		{A53092A9-613B-48B8-A6BB-C21B25776420}.Release|Any CPU.Build.0 = Release|Any CPU
		{A53092A9-613B-48B8-A6BB-C21B25776420}.Release|x86.ActiveCfg = Release|Any CPU
		{A53092A9-613B-48B8-A6BB-C21B25776420}.Release|x86.Build.0 = Release|Any CPU
		{49AE194F-23D1-4F39-BC8D-5DEAFB8C7AD2}.Debug|Any CPU.ActiveCfg = Debug|Any CPU
		{49AE194F-23D1-4F39-BC8D-5DEAFB8C7AD2}.Debug|Any CPU.Build.0 = Debug|Any CPU
		{49AE194F-23D1-4F39-BC8D-5DEAFB8C7AD2}.Debug|x86.ActiveCfg = Debug|Any CPU
		{49AE194F-23D1-4F39-BC8D-5DEAFB8C7AD2}.Debug|x86.Build.0 = Debug|Any CPU
		{49AE194F-23D1-4F39-BC8D-5DEAFB8C7AD2}.Release|Any CPU.ActiveCfg = Release|Any CPU
		{49AE194F-23D1-4F39-BC8D-5DEAFB8C7AD2}.Release|Any CPU.Build.0 = Release|Any CPU
		{49AE194F-23D1-4F39-BC8D-5DEAFB8C7AD2}.Release|x86.ActiveCfg = Release|Any CPU
		{49AE194F-23D1-4F39-BC8D-5DEAFB8C7AD2}.Release|x86.Build.0 = Release|Any CPU
	EndGlobalSection
	GlobalSection(SolutionProperties) = preSolution
		HideSolutionNode = FALSE
	EndGlobalSection
	GlobalSection(ExtensibilityGlobals) = postSolution
		SolutionGuid = {514A1F3B-4436-4520-B8CA-50E52B8CFDE0}
	EndGlobalSection
EndGlobal
